// !$*UTF8*$!
{
	archiveVersion = 1;
	classes = {
	};
	objectVersion = 56;
	objects = {

/* Begin PBXBuildFile section */
		6D05F90A28D8D5D10013E59F /* App07_Todo_FirebaseApp.swift in Sources */ = {isa = PBXBuildFile; fileRef = 6D05F90928D8D5D10013E59F /* App07_Todo_FirebaseApp.swift */; };
		6D05F90C28D8D5D10013E59F /* TaskListView.swift in Sources */ = {isa = PBXBuildFile; fileRef = 6D05F90B28D8D5D10013E59F /* TaskListView.swift */; };
		6D05F90E28D8D5DC0013E59F /* Assets.xcassets in Resources */ = {isa = PBXBuildFile; fileRef = 6D05F90D28D8D5DC0013E59F /* Assets.xcassets */; };
		6D05F91128D8D5DC0013E59F /* Preview Assets.xcassets in Resources */ = {isa = PBXBuildFile; fileRef = 6D05F91028D8D5DC0013E59F /* Preview Assets.xcassets */; };
		6D05F91828D8D7FF0013E59F /* GoogleService-Info.plist in Resources */ = {isa = PBXBuildFile; fileRef = 6D05F91728D8D7FD0013E59F /* GoogleService-Info.plist */; };
		6D05F91B28D8E1C30013E59F /* FirebaseAuth in Frameworks */ = {isa = PBXBuildFile; productRef = 6D05F91A28D8E1C30013E59F /* FirebaseAuth */; };
		6D05F91D28D8E1C30013E59F /* FirebaseDatabase in Frameworks */ = {isa = PBXBuildFile; productRef = 6D05F91C28D8E1C30013E59F /* FirebaseDatabase */; };
		6D05F91F28D8E1C30013E59F /* FirebaseDatabaseSwift in Frameworks */ = {isa = PBXBuildFile; productRef = 6D05F91E28D8E1C30013E59F /* FirebaseDatabaseSwift */; };
		6D05F92128D8E1C30013E59F /* FirebaseFirestore in Frameworks */ = {isa = PBXBuildFile; productRef = 6D05F92028D8E1C30013E59F /* FirebaseFirestore */; };
		6D05F92328D8E1C30013E59F /* FirebaseFirestoreSwift in Frameworks */ = {isa = PBXBuildFile; productRef = 6D05F92228D8E1C30013E59F /* FirebaseFirestoreSwift */; };
		6D10D3E228DBCBAA0024D9A5 /* Task.swift in Sources */ = {isa = PBXBuildFile; fileRef = 6D10D3E128DBCBAA0024D9A5 /* Task.swift */; };
		6D10D3E428DBCD4B0024D9A5 /* TaskModel.swift in Sources */ = {isa = PBXBuildFile; fileRef = 6D10D3E328DBCD4B0024D9A5 /* TaskModel.swift */; };
		6D10D3E628DBD5170024D9A5 /* HomeView.swift in Sources */ = {isa = PBXBuildFile; fileRef = 6D10D3E528DBD5170024D9A5 /* HomeView.swift */; };
		6D10D3E828DBD54A0024D9A5 /* Page.swift in Sources */ = {isa = PBXBuildFile; fileRef = 6D10D3E728DBD54A0024D9A5 /* Page.swift */; };
		6D10D3EA28DBD6C30024D9A5 /* LoginView.swift in Sources */ = {isa = PBXBuildFile; fileRef = 6D10D3E928DBD6C30024D9A5 /* LoginView.swift */; };
		6D10D3EE28DBD80B0024D9A5 /* TaskDetailView.swift in Sources */ = {isa = PBXBuildFile; fileRef = 6D10D3ED28DBD80B0024D9A5 /* TaskDetailView.swift */; };
		6D10D3F028DBE0750024D9A5 /* Mode.swift in Sources */ = {isa = PBXBuildFile; fileRef = 6D10D3EF28DBE0750024D9A5 /* Mode.swift */; };
/* End PBXBuildFile section */

/* Begin PBXFileReference section */
		6D05F90628D8D5D10013E59F /* App07-Todo-Firebase.app */ = {isa = PBXFileReference; explicitFileType = wrapper.application; includeInIndex = 0; path = "App07-Todo-Firebase.app"; sourceTree = BUILT_PRODUCTS_DIR; };
		6D05F90928D8D5D10013E59F /* App07_Todo_FirebaseApp.swift */ = {isa = PBXFileReference; lastKnownFileType = sourcecode.swift; path = App07_Todo_FirebaseApp.swift; sourceTree = "<group>"; };
		6D05F90B28D8D5D10013E59F /* TaskListView.swift */ = {isa = PBXFileReference; lastKnownFileType = sourcecode.swift; path = TaskListView.swift; sourceTree = "<group>"; };
		6D05F90D28D8D5DC0013E59F /* Assets.xcassets */ = {isa = PBXFileReference; lastKnownFileType = folder.assetcatalog; path = Assets.xcassets; sourceTree = "<group>"; };
		6D05F91028D8D5DC0013E59F /* Preview Assets.xcassets */ = {isa = PBXFileReference; lastKnownFileType = folder.assetcatalog; path = "Preview Assets.xcassets"; sourceTree = "<group>"; };
		6D05F91728D8D7FD0013E59F /* GoogleService-Info.plist */ = {isa = PBXFileReference; fileEncoding = 4; lastKnownFileType = text.plist.xml; path = "GoogleService-Info.plist"; sourceTree = "<group>"; };
		6D10D3E128DBCBAA0024D9A5 /* Task.swift */ = {isa = PBXFileReference; lastKnownFileType = sourcecode.swift; path = Task.swift; sourceTree = "<group>"; };
		6D10D3E328DBCD4B0024D9A5 /* TaskModel.swift */ = {isa = PBXFileReference; lastKnownFileType = sourcecode.swift; path = TaskModel.swift; sourceTree = "<group>"; };
		6D10D3E528DBD5170024D9A5 /* HomeView.swift */ = {isa = PBXFileReference; lastKnownFileType = sourcecode.swift; path = HomeView.swift; sourceTree = "<group>"; };
		6D10D3E728DBD54A0024D9A5 /* Page.swift */ = {isa = PBXFileReference; lastKnownFileType = sourcecode.swift; path = Page.swift; sourceTree = "<group>"; };
		6D10D3E928DBD6C30024D9A5 /* LoginView.swift */ = {isa = PBXFileReference; lastKnownFileType = sourcecode.swift; path = LoginView.swift; sourceTree = "<group>"; };
		6D10D3ED28DBD80B0024D9A5 /* TaskDetailView.swift */ = {isa = PBXFileReference; lastKnownFileType = sourcecode.swift; path = TaskDetailView.swift; sourceTree = "<group>"; };
		6D10D3EF28DBE0750024D9A5 /* Mode.swift */ = {isa = PBXFileReference; lastKnownFileType = sourcecode.swift; path = Mode.swift; sourceTree = "<group>"; };
/* End PBXFileReference section */

/* Begin PBXFrameworksBuildPhase section */
		6D05F90328D8D5D10013E59F /* Frameworks */ = {
			isa = PBXFrameworksBuildPhase;
			buildActionMask = 2147483647;
			files = (
				6D05F92328D8E1C30013E59F /* FirebaseFirestoreSwift in Frameworks */,
				6D05F91F28D8E1C30013E59F /* FirebaseDatabaseSwift in Frameworks */,
				6D05F92128D8E1C30013E59F /* FirebaseFirestore in Frameworks */,
				6D05F91D28D8E1C30013E59F /* FirebaseDatabase in Frameworks */,
				6D05F91B28D8E1C30013E59F /* FirebaseAuth in Frameworks */,
			);
			runOnlyForDeploymentPostprocessing = 0;
		};
/* End PBXFrameworksBuildPhase section */

/* Begin PBXGroup section */
		6D05F8FD28D8D5D00013E59F = {
			isa = PBXGroup;
			children = (
				6D05F90828D8D5D10013E59F /* App07-Todo-Firebase */,
				6D05F90728D8D5D10013E59F /* Products */,
			);
			sourceTree = "<group>";
		};
		6D05F90728D8D5D10013E59F /* Products */ = {
			isa = PBXGroup;
			children = (
				6D05F90628D8D5D10013E59F /* App07-Todo-Firebase.app */,
			);
			name = Products;
			sourceTree = "<group>";
		};
		6D05F90828D8D5D10013E59F /* App07-Todo-Firebase */ = {
			isa = PBXGroup;
			children = (
				6D10D3E028DBCB9C0024D9A5 /* Model */,
				6D05F90928D8D5D10013E59F /* App07_Todo_FirebaseApp.swift */,
				6D05F90B28D8D5D10013E59F /* TaskListView.swift */,
				6D10D3E528DBD5170024D9A5 /* HomeView.swift */,
				6D10D3ED28DBD80B0024D9A5 /* TaskDetailView.swift */,
				6D10D3EF28DBE0750024D9A5 /* Mode.swift */,
				6D10D3E928DBD6C30024D9A5 /* LoginView.swift */,
				6D10D3E728DBD54A0024D9A5 /* Page.swift */,
				6D05F90D28D8D5DC0013E59F /* Assets.xcassets */,
				6D05F91728D8D7FD0013E59F /* GoogleService-Info.plist */,
				6D05F90F28D8D5DC0013E59F /* Preview Content */,
			);
			path = "App07-Todo-Firebase";
			sourceTree = "<group>";
		};
		6D05F90F28D8D5DC0013E59F /* Preview Content */ = {
			isa = PBXGroup;
			children = (
				6D05F91028D8D5DC0013E59F /* Preview Assets.xcassets */,
			);
			path = "Preview Content";
			sourceTree = "<group>";
		};
		6D10D3E028DBCB9C0024D9A5 /* Model */ = {
			isa = PBXGroup;
			children = (
				6D10D3E128DBCBAA0024D9A5 /* Task.swift */,
				6D10D3E328DBCD4B0024D9A5 /* TaskModel.swift */,
			);
			path = Model;
			sourceTree = "<group>";
		};
/* End PBXGroup section */

/* Begin PBXNativeTarget section */
		6D05F90528D8D5D10013E59F /* App07-Todo-Firebase */ = {
			isa = PBXNativeTarget;
			buildConfigurationList = 6D05F91428D8D5DC0013E59F /* Build configuration list for PBXNativeTarget "App07-Todo-Firebase" */;
			buildPhases = (
				6D05F90228D8D5D10013E59F /* Sources */,
				6D05F90328D8D5D10013E59F /* Frameworks */,
				6D05F90428D8D5D10013E59F /* Resources */,
			);
			buildRules = (
			);
			dependencies = (
			);
			name = "App07-Todo-Firebase";
			packageProductDependencies = (
				6D05F91A28D8E1C30013E59F /* FirebaseAuth */,
				6D05F91C28D8E1C30013E59F /* FirebaseDatabase */,
				6D05F91E28D8E1C30013E59F /* FirebaseDatabaseSwift */,
				6D05F92028D8E1C30013E59F /* FirebaseFirestore */,
				6D05F92228D8E1C30013E59F /* FirebaseFirestoreSwift */,
			);
			productName = "App07-Todo-Firebase";
			productReference = 6D05F90628D8D5D10013E59F /* App07-Todo-Firebase.app */;
			productType = "com.apple.product-type.application";
		};
/* End PBXNativeTarget section */

/* Begin PBXProject section */
		6D05F8FE28D8D5D00013E59F /* Project object */ = {
			isa = PBXProject;
			attributes = {
				BuildIndependentTargetsInParallel = 1;
				LastSwiftUpdateCheck = 1400;
				LastUpgradeCheck = 1400;
				TargetAttributes = {
					6D05F90528D8D5D10013E59F = {
						CreatedOnToolsVersion = 14.0;
					};
				};
			};
			buildConfigurationList = 6D05F90128D8D5D00013E59F /* Build configuration list for PBXProject "App07-Todo-Firebase" */;
			compatibilityVersion = "Xcode 14.0";
			developmentRegion = en;
			hasScannedForEncodings = 0;
			knownRegions = (
				en,
				Base,
			);
			mainGroup = 6D05F8FD28D8D5D00013E59F;
			packageReferences = (
				6D05F91928D8E1C10013E59F /* XCRemoteSwiftPackageReference "firebase-ios-sdk" */,
			);
			productRefGroup = 6D05F90728D8D5D10013E59F /* Products */;
			projectDirPath = "";
			projectRoot = "";
			targets = (
				6D05F90528D8D5D10013E59F /* App07-Todo-Firebase */,
			);
		};
/* End PBXProject section */

/* Begin PBXResourcesBuildPhase section */
		6D05F90428D8D5D10013E59F /* Resources */ = {
			isa = PBXResourcesBuildPhase;
			buildActionMask = 2147483647;
			files = (
				6D05F91128D8D5DC0013E59F /* Preview Assets.xcassets in Resources */,
				6D05F90E28D8D5DC0013E59F /* Assets.xcassets in Resources */,
				6D05F91828D8D7FF0013E59F /* GoogleService-Info.plist in Resources */,
			);
			runOnlyForDeploymentPostprocessing = 0;
		};
/* End PBXResourcesBuildPhase section */

/* Begin PBXSourcesBuildPhase section */
		6D05F90228D8D5D10013E59F /* Sources */ = {
			isa = PBXSourcesBuildPhase;
			buildActionMask = 2147483647;
			files = (
				6D10D3EE28DBD80B0024D9A5 /* TaskDetailView.swift in Sources */,
				6D05F90C28D8D5D10013E59F /* TaskListView.swift in Sources */,
				6D10D3EA28DBD6C30024D9A5 /* LoginView.swift in Sources */,
				6D10D3E228DBCBAA0024D9A5 /* Task.swift in Sources */,
				6D10D3E828DBD54A0024D9A5 /* Page.swift in Sources */,
				6D10D3E428DBCD4B0024D9A5 /* TaskModel.swift in Sources */,
				6D10D3E628DBD5170024D9A5 /* HomeView.swift in Sources */,
				6D05F90A28D8D5D10013E59F /* App07_Todo_FirebaseApp.swift in Sources */,
				6D10D3F028DBE0750024D9A5 /* Mode.swift in Sources */,
			);
			runOnlyForDeploymentPostprocessing = 0;
		};
/* End PBXSourcesBuildPhase section */

/* Begin XCBuildConfiguration section */
		6D05F91228D8D5DC0013E59F /* Debug */ = {
			isa = XCBuildConfiguration;
			buildSettings = {
				ALWAYS_SEARCH_USER_PATHS = NO;
				CLANG_ANALYZER_NONNULL = YES;
				CLANG_ANALYZER_NUMBER_OBJECT_CONVERSION = YES_AGGRESSIVE;
				CLANG_CXX_LANGUAGE_STANDARD = "gnu++20";
				CLANG_ENABLE_MODULES = YES;
				CLANG_ENABLE_OBJC_ARC = YES;
				CLANG_ENABLE_OBJC_WEAK = YES;
				CLANG_WARN_BLOCK_CAPTURE_AUTORELEASING = YES;
				CLANG_WARN_BOOL_CONVERSION = YES;
				CLANG_WARN_COMMA = YES;
				CLANG_WARN_CONSTANT_CONVERSION = YES;
				CLANG_WARN_DEPRECATED_OBJC_IMPLEMENTATIONS = YES;
				CLANG_WARN_DIRECT_OBJC_ISA_USAGE = YES_ERROR;
				CLANG_WARN_DOCUMENTATION_COMMENTS = YES;
				CLANG_WARN_EMPTY_BODY = YES;
				CLANG_WARN_ENUM_CONVERSION = YES;
				CLANG_WARN_INFINITE_RECURSION = YES;
				CLANG_WARN_INT_CONVERSION = YES;
				CLANG_WARN_NON_LITERAL_NULL_CONVERSION = YES;
				CLANG_WARN_OBJC_IMPLICIT_RETAIN_SELF = YES;
				CLANG_WARN_OBJC_LITERAL_CONVERSION = YES;
				CLANG_WARN_OBJC_ROOT_CLASS = YES_ERROR;
				CLANG_WARN_QUOTED_INCLUDE_IN_FRAMEWORK_HEADER = YES;
				CLANG_WARN_RANGE_LOOP_ANALYSIS = YES;
				CLANG_WARN_STRICT_PROTOTYPES = YES;
				CLANG_WARN_SUSPICIOUS_MOVE = YES;
				CLANG_WARN_UNGUARDED_AVAILABILITY = YES_AGGRESSIVE;
				CLANG_WARN_UNREACHABLE_CODE = YES;
				CLANG_WARN__DUPLICATE_METHOD_MATCH = YES;
				COPY_PHASE_STRIP = NO;
				DEBUG_INFORMATION_FORMAT = dwarf;
				ENABLE_STRICT_OBJC_MSGSEND = YES;
				ENABLE_TESTABILITY = YES;
				GCC_C_LANGUAGE_STANDARD = gnu11;
				GCC_DYNAMIC_NO_PIC = NO;
				GCC_NO_COMMON_BLOCKS = YES;
				GCC_OPTIMIZATION_LEVEL = 0;
				GCC_PREPROCESSOR_DEFINITIONS = (
					"DEBUG=1",
					"$(inherited)",
				);
				GCC_WARN_64_TO_32_BIT_CONVERSION = YES;
				GCC_WARN_ABOUT_RETURN_TYPE = YES_ERROR;
				GCC_WARN_UNDECLARED_SELECTOR = YES;
				GCC_WARN_UNINITIALIZED_AUTOS = YES_AGGRESSIVE;
				GCC_WARN_UNUSED_FUNCTION = YES;
				GCC_WARN_UNUSED_VARIABLE = YES;
				IPHONEOS_DEPLOYMENT_TARGET = 15.5;
				MTL_ENABLE_DEBUG_INFO = INCLUDE_SOURCE;
				MTL_FAST_MATH = YES;
				ONLY_ACTIVE_ARCH = YES;
				SDKROOT = iphoneos;
				SWIFT_ACTIVE_COMPILATION_CONDITIONS = DEBUG;
				SWIFT_OPTIMIZATION_LEVEL = "-Onone";
			};
			name = Debug;
		};
		6D05F91328D8D5DC0013E59F /* Release */ = {
			isa = XCBuildConfiguration;
			buildSettings = {
				ALWAYS_SEARCH_USER_PATHS = NO;
				CLANG_ANALYZER_NONNULL = YES;
				CLANG_ANALYZER_NUMBER_OBJECT_CONVERSION = YES_AGGRESSIVE;
				CLANG_CXX_LANGUAGE_STANDARD = "gnu++20";
				CLANG_ENABLE_MODULES = YES;
				CLANG_ENABLE_OBJC_ARC = YES;
				CLANG_ENABLE_OBJC_WEAK = YES;
				CLANG_WARN_BLOCK_CAPTURE_AUTORELEASING = YES;
				CLANG_WARN_BOOL_CONVERSION = YES;
				CLANG_WARN_COMMA = YES;
				CLANG_WARN_CONSTANT_CONVERSION = YES;
				CLANG_WARN_DEPRECATED_OBJC_IMPLEMENTATIONS = YES;
				CLANG_WARN_DIRECT_OBJC_ISA_USAGE = YES_ERROR;
				CLANG_WARN_DOCUMENTATION_COMMENTS = YES;
				CLANG_WARN_EMPTY_BODY = YES;
				CLANG_WARN_ENUM_CONVERSION = YES;
				CLANG_WARN_INFINITE_RECURSION = YES;
				CLANG_WARN_INT_CONVERSION = YES;
				CLANG_WARN_NON_LITERAL_NULL_CONVERSION = YES;
				CLANG_WARN_OBJC_IMPLICIT_RETAIN_SELF = YES;
				CLANG_WARN_OBJC_LITERAL_CONVERSION = YES;
				CLANG_WARN_OBJC_ROOT_CLASS = YES_ERROR;
				CLANG_WARN_QUOTED_INCLUDE_IN_FRAMEWORK_HEADER = YES;
				CLANG_WARN_RANGE_LOOP_ANALYSIS = YES;
				CLANG_WARN_STRICT_PROTOTYPES = YES;
				CLANG_WARN_SUSPICIOUS_MOVE = YES;
				CLANG_WARN_UNGUARDED_AVAILABILITY = YES_AGGRESSIVE;
				CLANG_WARN_UNREACHABLE_CODE = YES;
				CLANG_WARN__DUPLICATE_METHOD_MATCH = YES;
				COPY_PHASE_STRIP = NO;
				DEBUG_INFORMATION_FORMAT = "dwarf-with-dsym";
				ENABLE_NS_ASSERTIONS = NO;
				ENABLE_STRICT_OBJC_MSGSEND = YES;
				GCC_C_LANGUAGE_STANDARD = gnu11;
				GCC_NO_COMMON_BLOCKS = YES;
				GCC_WARN_64_TO_32_BIT_CONVERSION = YES;
				GCC_WARN_ABOUT_RETURN_TYPE = YES_ERROR;
				GCC_WARN_UNDECLARED_SELECTOR = YES;
				GCC_WARN_UNINITIALIZED_AUTOS = YES_AGGRESSIVE;
				GCC_WARN_UNUSED_FUNCTION = YES;
				GCC_WARN_UNUSED_VARIABLE = YES;
				IPHONEOS_DEPLOYMENT_TARGET = 15.5;
				MTL_ENABLE_DEBUG_INFO = NO;
				MTL_FAST_MATH = YES;
				SDKROOT = iphoneos;
				SWIFT_COMPILATION_MODE = wholemodule;
				SWIFT_OPTIMIZATION_LEVEL = "-O";
				VALIDATE_PRODUCT = YES;
			};
			name = Release;
		};
		6D05F91528D8D5DC0013E59F /* Debug */ = {
			isa = XCBuildConfiguration;
			buildSettings = {
				ASSETCATALOG_COMPILER_APPICON_NAME = AppIcon;
				ASSETCATALOG_COMPILER_GLOBAL_ACCENT_COLOR_NAME = AccentColor;
				CODE_SIGN_STYLE = Automatic;
				CURRENT_PROJECT_VERSION = 1;
				DEVELOPMENT_ASSET_PATHS = "\"App07-Todo-Firebase/Preview Content\"";
				DEVELOPMENT_TEAM = 9QM5ZKR265;
				ENABLE_PREVIEWS = YES;
				GENERATE_INFOPLIST_FILE = YES;
				INFOPLIST_KEY_UIApplicationSceneManifest_Generation = YES;
				INFOPLIST_KEY_UIApplicationSupportsIndirectInputEvents = YES;
				INFOPLIST_KEY_UILaunchScreen_Generation = YES;
				INFOPLIST_KEY_UISupportedInterfaceOrientations_iPad = "UIInterfaceOrientationPortrait UIInterfaceOrientationPortraitUpsideDown UIInterfaceOrientationLandscapeLeft UIInterfaceOrientationLandscapeRight";
				INFOPLIST_KEY_UISupportedInterfaceOrientations_iPhone = "UIInterfaceOrientationPortrait UIInterfaceOrientationLandscapeLeft UIInterfaceOrientationLandscapeRight";
				IPHONEOS_DEPLOYMENT_TARGET = 15.5;
				LD_RUNPATH_SEARCH_PATHS = (
					"$(inherited)",
					"@executable_path/Frameworks",
				);
				MARKETING_VERSION = 1.0;
				PRODUCT_BUNDLE_IDENTIFIER = "A00830568.App07-Todo-Firebase";
				PRODUCT_NAME = "$(TARGET_NAME)";
				SWIFT_EMIT_LOC_STRINGS = YES;
				SWIFT_VERSION = 5.0;
				TARGETED_DEVICE_FAMILY = "1,2";
			};
			name = Debug;
		};
		6D05F91628D8D5DC0013E59F /* Release */ = {
			isa = XCBuildConfiguration;
			buildSettings = {
				ASSETCATALOG_COMPILER_APPICON_NAME = AppIcon;
				ASSETCATALOG_COMPILER_GLOBAL_ACCENT_COLOR_NAME = AccentColor;
				CODE_SIGN_STYLE = Automatic;
				CURRENT_PROJECT_VERSION = 1;
				DEVELOPMENT_ASSET_PATHS = "\"App07-Todo-Firebase/Preview Content\"";
				DEVELOPMENT_TEAM = 9QM5ZKR265;
				ENABLE_PREVIEWS = YES;
				GENERATE_INFOPLIST_FILE = YES;
				INFOPLIST_KEY_UIApplicationSceneManifest_Generation = YES;
				INFOPLIST_KEY_UIApplicationSupportsIndirectInputEvents = YES;
				INFOPLIST_KEY_UILaunchScreen_Generation = YES;
				INFOPLIST_KEY_UISupportedInterfaceOrientations_iPad = "UIInterfaceOrientationPortrait UIInterfaceOrientationPortraitUpsideDown UIInterfaceOrientationLandscapeLeft UIInterfaceOrientationLandscapeRight";
				INFOPLIST_KEY_UISupportedInterfaceOrientations_iPhone = "UIInterfaceOrientationPortrait UIInterfaceOrientationLandscapeLeft UIInterfaceOrientationLandscapeRight";
				IPHONEOS_DEPLOYMENT_TARGET = 15.5;
				LD_RUNPATH_SEARCH_PATHS = (
					"$(inherited)",
					"@executable_path/Frameworks",
				);
				MARKETING_VERSION = 1.0;
				PRODUCT_BUNDLE_IDENTIFIER = "A00830568.App07-Todo-Firebase";
				PRODUCT_NAME = "$(TARGET_NAME)";
				SWIFT_EMIT_LOC_STRINGS = YES;
				SWIFT_VERSION = 5.0;
				TARGETED_DEVICE_FAMILY = "1,2";
			};
			name = Release;
		};
/* End XCBuildConfiguration section */

/* Begin XCConfigurationList section */
		6D05F90128D8D5D00013E59F /* Build configuration list for PBXProject "App07-Todo-Firebase" */ = {
			isa = XCConfigurationList;
			buildConfigurations = (
				6D05F91228D8D5DC0013E59F /* Debug */,
				6D05F91328D8D5DC0013E59F /* Release */,
			);
			defaultConfigurationIsVisible = 0;
			defaultConfigurationName = Release;
		};
		6D05F91428D8D5DC0013E59F /* Build configuration list for PBXNativeTarget "App07-Todo-Firebase" */ = {
			isa = XCConfigurationList;
			buildConfigurations = (
				6D05F91528D8D5DC0013E59F /* Debug */,
				6D05F91628D8D5DC0013E59F /* Release */,
			);
			defaultConfigurationIsVisible = 0;
			defaultConfigurationName = Release;
		};
/* End XCConfigurationList section */

/* Begin XCRemoteSwiftPackageReference section */
		6D05F91928D8E1C10013E59F /* XCRemoteSwiftPackageReference "firebase-ios-sdk" */ = {
			isa = XCRemoteSwiftPackageReference;
			repositoryURL = "https://github.com/firebase/firebase-ios-sdk";
			requirement = {
				kind = upToNextMajorVersion;
				minimumVersion = 9.0.0;
			};
		};
/* End XCRemoteSwiftPackageReference section */

/* Begin XCSwiftPackageProductDependency section */
		6D05F91A28D8E1C30013E59F /* FirebaseAuth */ = {
			isa = XCSwiftPackageProductDependency;
			package = 6D05F91928D8E1C10013E59F /* XCRemoteSwiftPackageReference "firebase-ios-sdk" */;
			productName = FirebaseAuth;
		};
		6D05F91C28D8E1C30013E59F /* FirebaseDatabase */ = {
			isa = XCSwiftPackageProductDependency;
			package = 6D05F91928D8E1C10013E59F /* XCRemoteSwiftPackageReference "firebase-ios-sdk" */;
			productName = FirebaseDatabase;
		};
		6D05F91E28D8E1C30013E59F /* FirebaseDatabaseSwift */ = {
			isa = XCSwiftPackageProductDependency;
			package = 6D05F91928D8E1C10013E59F /* XCRemoteSwiftPackageReference "firebase-ios-sdk" */;
			productName = FirebaseDatabaseSwift;
		};
		6D05F92028D8E1C30013E59F /* FirebaseFirestore */ = {
			isa = XCSwiftPackageProductDependency;
			package = 6D05F91928D8E1C10013E59F /* XCRemoteSwiftPackageReference "firebase-ios-sdk" */;
			productName = FirebaseFirestore;
		};
		6D05F92228D8E1C30013E59F /* FirebaseFirestoreSwift */ = {
			isa = XCSwiftPackageProductDependency;
			package = 6D05F91928D8E1C10013E59F /* XCRemoteSwiftPackageReference "firebase-ios-sdk" */;
			productName = FirebaseFirestoreSwift;
		};
/* End XCSwiftPackageProductDependency section */
	};
	rootObject = 6D05F8FE28D8D5D00013E59F /* Project object */;
}
