// !$*UTF8*$!
{
	archiveVersion = 1;
	classes = {
	};
	objectVersion = 55;
	objects = {

/* Begin PBXBuildFile section */
		6D0521FC28B7F77D00E5AF4B /* Genre.swift in Sources */ = {isa = PBXBuildFile; fileRef = 6D0521FB28B7F77D00E5AF4B /* Genre.swift */; };
		6D0521FE28B800D600E5AF4B /* Video.swift in Sources */ = {isa = PBXBuildFile; fileRef = 6D0521FD28B800D600E5AF4B /* Video.swift */; };
		6D05220028B8049E00E5AF4B /* VideosView.swift in Sources */ = {isa = PBXBuildFile; fileRef = 6D0521FF28B8049E00E5AF4B /* VideosView.swift */; };
		6D08226128AF127000AB8F42 /* Aboreto-Regular.ttf in Resources */ = {isa = PBXBuildFile; fileRef = 6D08225D28AF126F00AB8F42 /* Aboreto-Regular.ttf */; };
		6D08226228AF127000AB8F42 /* PoiretOne-Regular.ttf in Resources */ = {isa = PBXBuildFile; fileRef = 6D08225E28AF126F00AB8F42 /* PoiretOne-Regular.ttf */; };
		6D08226328AF127000AB8F42 /* Silkscreen-Regular.ttf in Resources */ = {isa = PBXBuildFile; fileRef = 6D08225F28AF126F00AB8F42 /* Silkscreen-Regular.ttf */; };
		6D08226728AF200100AB8F42 /* Quintessential-Regular.ttf in Resources */ = {isa = PBXBuildFile; fileRef = 6D08226628AF200100AB8F42 /* Quintessential-Regular.ttf */; };
		6D08226B28AF26D900AB8F42 /* SpecialElite-Regular.ttf in Resources */ = {isa = PBXBuildFile; fileRef = 6D08226A28AF26D900AB8F42 /* SpecialElite-Regular.ttf */; };
		6D303FA028B3D60E008982A9 /* Alamofire in Frameworks */ = {isa = PBXBuildFile; productRef = 6D303F9F28B3D60E008982A9 /* Alamofire */; };
		6D303FA328B3D674008982A9 /* SwiftyJSON in Frameworks */ = {isa = PBXBuildFile; productRef = 6D303FA228B3D674008982A9 /* SwiftyJSON */; };
		6D303FA628B3D6D1008982A9 /* Kingfisher in Frameworks */ = {isa = PBXBuildFile; productRef = 6D303FA528B3D6D1008982A9 /* Kingfisher */; };
		6D303FA828B3DE53008982A9 /* Constants.swift in Sources */ = {isa = PBXBuildFile; fileRef = 6D303FA728B3DE53008982A9 /* Constants.swift */; };
		6D4B2C6028BC84C20014AA1C /* TVRowView.swift in Sources */ = {isa = PBXBuildFile; fileRef = 6D4B2C5F28BC84C20014AA1C /* TVRowView.swift */; };
		6D4B2C6428BC860B0014AA1C /* TVDetailView.swift in Sources */ = {isa = PBXBuildFile; fileRef = 6D4B2C6328BC860B0014AA1C /* TVDetailView.swift */; };
		6D4B2C6628BC88790014AA1C /* TVVideosView.swift in Sources */ = {isa = PBXBuildFile; fileRef = 6D4B2C6528BC88790014AA1C /* TVVideosView.swift */; };
		6D8CAA2828AE9E3D00AA0D03 /* App04_TMDBApp.swift in Sources */ = {isa = PBXBuildFile; fileRef = 6D8CAA2728AE9E3D00AA0D03 /* App04_TMDBApp.swift */; };
		6D8CAA2A28AE9E3D00AA0D03 /* HomeView.swift in Sources */ = {isa = PBXBuildFile; fileRef = 6D8CAA2928AE9E3D00AA0D03 /* HomeView.swift */; };
		6D8CAA2C28AE9E4400AA0D03 /* Assets.xcassets in Resources */ = {isa = PBXBuildFile; fileRef = 6D8CAA2B28AE9E4400AA0D03 /* Assets.xcassets */; };
		6D8CAA2F28AE9E4400AA0D03 /* Preview Assets.xcassets in Resources */ = {isa = PBXBuildFile; fileRef = 6D8CAA2E28AE9E4400AA0D03 /* Preview Assets.xcassets */; };
		6D8CAA3628AEA14B00AA0D03 /* MoviesView.swift in Sources */ = {isa = PBXBuildFile; fileRef = 6D8CAA3528AEA14B00AA0D03 /* MoviesView.swift */; };
		6D8CAA3828AEA16300AA0D03 /* SeriesView.swift in Sources */ = {isa = PBXBuildFile; fileRef = 6D8CAA3728AEA16300AA0D03 /* SeriesView.swift */; };
		6D8CAA3D28AEA9F000AA0D03 /* Media.swift in Sources */ = {isa = PBXBuildFile; fileRef = 6D8CAA3C28AEA9F000AA0D03 /* Media.swift */; };
		6D8CAA3F28AEAB1600AA0D03 /* Enums.swift in Sources */ = {isa = PBXBuildFile; fileRef = 6D8CAA3E28AEAB1600AA0D03 /* Enums.swift */; };
		6D8CAA4128AEAC5200AA0D03 /* MediaModel.swift in Sources */ = {isa = PBXBuildFile; fileRef = 6D8CAA4028AEAC5200AA0D03 /* MediaModel.swift */; };
		6D8CAA4328AEBD1C00AA0D03 /* MediaRowView.swift in Sources */ = {isa = PBXBuildFile; fileRef = 6D8CAA4228AEBD1C00AA0D03 /* MediaRowView.swift */; };
		6D8CAA4528AEBF9300AA0D03 /* MediaDetailView.swift in Sources */ = {isa = PBXBuildFile; fileRef = 6D8CAA4428AEBF9300AA0D03 /* MediaDetailView.swift */; };
		6D8CAA4728AEC26000AA0D03 /* ScoreView.swift in Sources */ = {isa = PBXBuildFile; fileRef = 6D8CAA4628AEC26000AA0D03 /* ScoreView.swift */; };
		6D8CAA4B28AECDF300AA0D03 /* WebView.swift in Sources */ = {isa = PBXBuildFile; fileRef = 6D8CAA4A28AECDF300AA0D03 /* WebView.swift */; };
/* End PBXBuildFile section */

/* Begin PBXFileReference section */
		6D0521FB28B7F77D00E5AF4B /* Genre.swift */ = {isa = PBXFileReference; lastKnownFileType = sourcecode.swift; path = Genre.swift; sourceTree = "<group>"; };
		6D0521FD28B800D600E5AF4B /* Video.swift */ = {isa = PBXFileReference; lastKnownFileType = sourcecode.swift; path = Video.swift; sourceTree = "<group>"; };
		6D0521FF28B8049E00E5AF4B /* VideosView.swift */ = {isa = PBXFileReference; lastKnownFileType = sourcecode.swift; path = VideosView.swift; sourceTree = "<group>"; };
		6D08225D28AF126F00AB8F42 /* Aboreto-Regular.ttf */ = {isa = PBXFileReference; lastKnownFileType = file; path = "Aboreto-Regular.ttf"; sourceTree = "<group>"; };
		6D08225E28AF126F00AB8F42 /* PoiretOne-Regular.ttf */ = {isa = PBXFileReference; lastKnownFileType = file; path = "PoiretOne-Regular.ttf"; sourceTree = "<group>"; };
		6D08225F28AF126F00AB8F42 /* Silkscreen-Regular.ttf */ = {isa = PBXFileReference; lastKnownFileType = file; path = "Silkscreen-Regular.ttf"; sourceTree = "<group>"; };
		6D08226528AF14B100AB8F42 /* Info.plist */ = {isa = PBXFileReference; lastKnownFileType = text.plist; path = Info.plist; sourceTree = "<group>"; };
		6D08226628AF200100AB8F42 /* Quintessential-Regular.ttf */ = {isa = PBXFileReference; lastKnownFileType = file; path = "Quintessential-Regular.ttf"; sourceTree = "<group>"; };
		6D08226A28AF26D900AB8F42 /* SpecialElite-Regular.ttf */ = {isa = PBXFileReference; lastKnownFileType = file; path = "SpecialElite-Regular.ttf"; sourceTree = "<group>"; };
		6D303FA728B3DE53008982A9 /* Constants.swift */ = {isa = PBXFileReference; lastKnownFileType = sourcecode.swift; path = Constants.swift; sourceTree = "<group>"; };
		6D4B2C5F28BC84C20014AA1C /* TVRowView.swift */ = {isa = PBXFileReference; lastKnownFileType = sourcecode.swift; path = TVRowView.swift; sourceTree = "<group>"; };
		6D4B2C6328BC860B0014AA1C /* TVDetailView.swift */ = {isa = PBXFileReference; lastKnownFileType = sourcecode.swift; path = TVDetailView.swift; sourceTree = "<group>"; };
		6D4B2C6528BC88790014AA1C /* TVVideosView.swift */ = {isa = PBXFileReference; lastKnownFileType = sourcecode.swift; path = TVVideosView.swift; sourceTree = "<group>"; };
		6D8CAA2428AE9E3D00AA0D03 /* App05-TMDB-API.app */ = {isa = PBXFileReference; explicitFileType = wrapper.application; includeInIndex = 0; path = "App05-TMDB-API.app"; sourceTree = BUILT_PRODUCTS_DIR; };
		6D8CAA2728AE9E3D00AA0D03 /* App04_TMDBApp.swift */ = {isa = PBXFileReference; lastKnownFileType = sourcecode.swift; path = App04_TMDBApp.swift; sourceTree = "<group>"; };
		6D8CAA2928AE9E3D00AA0D03 /* HomeView.swift */ = {isa = PBXFileReference; lastKnownFileType = sourcecode.swift; path = HomeView.swift; sourceTree = "<group>"; };
		6D8CAA2B28AE9E4400AA0D03 /* Assets.xcassets */ = {isa = PBXFileReference; lastKnownFileType = folder.assetcatalog; path = Assets.xcassets; sourceTree = "<group>"; };
		6D8CAA2E28AE9E4400AA0D03 /* Preview Assets.xcassets */ = {isa = PBXFileReference; lastKnownFileType = folder.assetcatalog; path = "Preview Assets.xcassets"; sourceTree = "<group>"; };
		6D8CAA3528AEA14B00AA0D03 /* MoviesView.swift */ = {isa = PBXFileReference; lastKnownFileType = sourcecode.swift; path = MoviesView.swift; sourceTree = "<group>"; };
		6D8CAA3728AEA16300AA0D03 /* SeriesView.swift */ = {isa = PBXFileReference; lastKnownFileType = sourcecode.swift; path = SeriesView.swift; sourceTree = "<group>"; };
		6D8CAA3C28AEA9F000AA0D03 /* Media.swift */ = {isa = PBXFileReference; lastKnownFileType = sourcecode.swift; path = Media.swift; sourceTree = "<group>"; };
		6D8CAA3E28AEAB1600AA0D03 /* Enums.swift */ = {isa = PBXFileReference; lastKnownFileType = sourcecode.swift; path = Enums.swift; sourceTree = "<group>"; };
		6D8CAA4028AEAC5200AA0D03 /* MediaModel.swift */ = {isa = PBXFileReference; lastKnownFileType = sourcecode.swift; path = MediaModel.swift; sourceTree = "<group>"; };
		6D8CAA4228AEBD1C00AA0D03 /* MediaRowView.swift */ = {isa = PBXFileReference; lastKnownFileType = sourcecode.swift; path = MediaRowView.swift; sourceTree = "<group>"; };
		6D8CAA4428AEBF9300AA0D03 /* MediaDetailView.swift */ = {isa = PBXFileReference; lastKnownFileType = sourcecode.swift; path = MediaDetailView.swift; sourceTree = "<group>"; };
		6D8CAA4628AEC26000AA0D03 /* ScoreView.swift */ = {isa = PBXFileReference; lastKnownFileType = sourcecode.swift; path = ScoreView.swift; sourceTree = "<group>"; };
		6D8CAA4A28AECDF300AA0D03 /* WebView.swift */ = {isa = PBXFileReference; lastKnownFileType = sourcecode.swift; path = WebView.swift; sourceTree = "<group>"; };
/* End PBXFileReference section */

/* Begin PBXFrameworksBuildPhase section */
		6D8CAA2128AE9E3D00AA0D03 /* Frameworks */ = {
			isa = PBXFrameworksBuildPhase;
			buildActionMask = 2147483647;
			files = (
				6D303FA628B3D6D1008982A9 /* Kingfisher in Frameworks */,
				6D303FA328B3D674008982A9 /* SwiftyJSON in Frameworks */,
				6D303FA028B3D60E008982A9 /* Alamofire in Frameworks */,
			);
			runOnlyForDeploymentPostprocessing = 0;
		};
/* End PBXFrameworksBuildPhase section */

/* Begin PBXGroup section */
		6D08225828AF103C00AB8F42 /* Fonts */ = {
			isa = PBXGroup;
			children = (
				6D08225D28AF126F00AB8F42 /* Aboreto-Regular.ttf */,
				6D08225E28AF126F00AB8F42 /* PoiretOne-Regular.ttf */,
				6D08225F28AF126F00AB8F42 /* Silkscreen-Regular.ttf */,
				6D08226628AF200100AB8F42 /* Quintessential-Regular.ttf */,
				6D08226A28AF26D900AB8F42 /* SpecialElite-Regular.ttf */,
			);
			path = Fonts;
			sourceTree = "<group>";
		};
		6D8CAA1B28AE9E3D00AA0D03 = {
			isa = PBXGroup;
			children = (
				6D8CAA2628AE9E3D00AA0D03 /* App05-TMDB-API */,
				6D8CAA2528AE9E3D00AA0D03 /* Products */,
			);
			sourceTree = "<group>";
		};
		6D8CAA2528AE9E3D00AA0D03 /* Products */ = {
			isa = PBXGroup;
			children = (
				6D8CAA2428AE9E3D00AA0D03 /* App05-TMDB-API.app */,
			);
			name = Products;
			sourceTree = "<group>";
		};
		6D8CAA2628AE9E3D00AA0D03 /* App05-TMDB-API */ = {
			isa = PBXGroup;
			children = (
				6D08226528AF14B100AB8F42 /* Info.plist */,
				6D08225828AF103C00AB8F42 /* Fonts */,
				6D8CAA3B28AEA9AE00AA0D03 /* Models */,
				6D8CAA2728AE9E3D00AA0D03 /* App04_TMDBApp.swift */,
				6D8CAA2928AE9E3D00AA0D03 /* HomeView.swift */,
				6D303FA728B3DE53008982A9 /* Constants.swift */,
				6D8CAA3E28AEAB1600AA0D03 /* Enums.swift */,
				6D8CAA3528AEA14B00AA0D03 /* MoviesView.swift */,
				6D8CAA3728AEA16300AA0D03 /* SeriesView.swift */,
				6D8CAA4228AEBD1C00AA0D03 /* MediaRowView.swift */,
				6D4B2C5F28BC84C20014AA1C /* TVRowView.swift */,
				6D8CAA4428AEBF9300AA0D03 /* MediaDetailView.swift */,
				6D4B2C6328BC860B0014AA1C /* TVDetailView.swift */,
				6D0521FF28B8049E00E5AF4B /* VideosView.swift */,
				6D4B2C6528BC88790014AA1C /* TVVideosView.swift */,
				6D8CAA4A28AECDF300AA0D03 /* WebView.swift */,
				6D8CAA4628AEC26000AA0D03 /* ScoreView.swift */,
				6D8CAA2B28AE9E4400AA0D03 /* Assets.xcassets */,
				6D8CAA2D28AE9E4400AA0D03 /* Preview Content */,
			);
			path = "App05-TMDB-API";
			sourceTree = "<group>";
		};
		6D8CAA2D28AE9E4400AA0D03 /* Preview Content */ = {
			isa = PBXGroup;
			children = (
				6D8CAA2E28AE9E4400AA0D03 /* Preview Assets.xcassets */,
			);
			path = "Preview Content";
			sourceTree = "<group>";
		};
		6D8CAA3B28AEA9AE00AA0D03 /* Models */ = {
			isa = PBXGroup;
			children = (
				6D8CAA3C28AEA9F000AA0D03 /* Media.swift */,
				6D8CAA4028AEAC5200AA0D03 /* MediaModel.swift */,
				6D0521FB28B7F77D00E5AF4B /* Genre.swift */,
				6D0521FD28B800D600E5AF4B /* Video.swift */,
			);
			path = Models;
			sourceTree = "<group>";
		};
/* End PBXGroup section */

/* Begin PBXNativeTarget section */
		6D8CAA2328AE9E3D00AA0D03 /* App05-TMDB-API */ = {
			isa = PBXNativeTarget;
			buildConfigurationList = 6D8CAA3228AE9E4400AA0D03 /* Build configuration list for PBXNativeTarget "App05-TMDB-API" */;
			buildPhases = (
				6D8CAA2028AE9E3D00AA0D03 /* Sources */,
				6D8CAA2128AE9E3D00AA0D03 /* Frameworks */,
				6D8CAA2228AE9E3D00AA0D03 /* Resources */,
			);
			buildRules = (
			);
			dependencies = (
			);
			name = "App05-TMDB-API";
			packageProductDependencies = (
				6D303F9F28B3D60E008982A9 /* Alamofire */,
				6D303FA228B3D674008982A9 /* SwiftyJSON */,
				6D303FA528B3D6D1008982A9 /* Kingfisher */,
			);
			productName = "App04-TMDB";
			productReference = 6D8CAA2428AE9E3D00AA0D03 /* App05-TMDB-API.app */;
			productType = "com.apple.product-type.application";
		};
/* End PBXNativeTarget section */

/* Begin PBXProject section */
		6D8CAA1C28AE9E3D00AA0D03 /* Project object */ = {
			isa = PBXProject;
			attributes = {
				BuildIndependentTargetsInParallel = 1;
				LastSwiftUpdateCheck = 1340;
				LastUpgradeCheck = 1340;
				TargetAttributes = {
					6D8CAA2328AE9E3D00AA0D03 = {
						CreatedOnToolsVersion = 13.4.1;
					};
				};
			};
			buildConfigurationList = 6D8CAA1F28AE9E3D00AA0D03 /* Build configuration list for PBXProject "App05-TMDB-API" */;
			compatibilityVersion = "Xcode 13.0";
			developmentRegion = en;
			hasScannedForEncodings = 0;
			knownRegions = (
				en,
				Base,
			);
			mainGroup = 6D8CAA1B28AE9E3D00AA0D03;
			packageReferences = (
				6D303F9E28B3D60E008982A9 /* XCRemoteSwiftPackageReference "Alamofire" */,
				6D303FA128B3D674008982A9 /* XCRemoteSwiftPackageReference "SwiftyJSON" */,
				6D303FA428B3D6D1008982A9 /* XCRemoteSwiftPackageReference "Kingfisher" */,
			);
			productRefGroup = 6D8CAA2528AE9E3D00AA0D03 /* Products */;
			projectDirPath = "";
			projectRoot = "";
			targets = (
				6D8CAA2328AE9E3D00AA0D03 /* App05-TMDB-API */,
			);
		};
/* End PBXProject section */

/* Begin PBXResourcesBuildPhase section */
		6D8CAA2228AE9E3D00AA0D03 /* Resources */ = {
			isa = PBXResourcesBuildPhase;
			buildActionMask = 2147483647;
			files = (
				6D8CAA2F28AE9E4400AA0D03 /* Preview Assets.xcassets in Resources */,
				6D08226228AF127000AB8F42 /* PoiretOne-Regular.ttf in Resources */,
				6D08226728AF200100AB8F42 /* Quintessential-Regular.ttf in Resources */,
				6D8CAA2C28AE9E4400AA0D03 /* Assets.xcassets in Resources */,
				6D08226128AF127000AB8F42 /* Aboreto-Regular.ttf in Resources */,
				6D08226328AF127000AB8F42 /* Silkscreen-Regular.ttf in Resources */,
				6D08226B28AF26D900AB8F42 /* SpecialElite-Regular.ttf in Resources */,
			);
			runOnlyForDeploymentPostprocessing = 0;
		};
/* End PBXResourcesBuildPhase section */

/* Begin PBXSourcesBuildPhase section */
		6D8CAA2028AE9E3D00AA0D03 /* Sources */ = {
			isa = PBXSourcesBuildPhase;
			buildActionMask = 2147483647;
			files = (
				6D8CAA4528AEBF9300AA0D03 /* MediaDetailView.swift in Sources */,
				6D8CAA2A28AE9E3D00AA0D03 /* HomeView.swift in Sources */,
				6D8CAA3828AEA16300AA0D03 /* SeriesView.swift in Sources */,
				6D8CAA3D28AEA9F000AA0D03 /* Media.swift in Sources */,
				6D8CAA4328AEBD1C00AA0D03 /* MediaRowView.swift in Sources */,
				6D0521FE28B800D600E5AF4B /* Video.swift in Sources */,
				6D4B2C6628BC88790014AA1C /* TVVideosView.swift in Sources */,
				6D8CAA4128AEAC5200AA0D03 /* MediaModel.swift in Sources */,
				6D4B2C6028BC84C20014AA1C /* TVRowView.swift in Sources */,
				6D303FA828B3DE53008982A9 /* Constants.swift in Sources */,
				6D4B2C6428BC860B0014AA1C /* TVDetailView.swift in Sources */,
				6D8CAA4728AEC26000AA0D03 /* ScoreView.swift in Sources */,
				6D8CAA3F28AEAB1600AA0D03 /* Enums.swift in Sources */,
				6D0521FC28B7F77D00E5AF4B /* Genre.swift in Sources */,
				6D05220028B8049E00E5AF4B /* VideosView.swift in Sources */,
				6D8CAA4B28AECDF300AA0D03 /* WebView.swift in Sources */,
				6D8CAA3628AEA14B00AA0D03 /* MoviesView.swift in Sources */,
				6D8CAA2828AE9E3D00AA0D03 /* App04_TMDBApp.swift in Sources */,
			);
			runOnlyForDeploymentPostprocessing = 0;
		};
/* End PBXSourcesBuildPhase section */

/* Begin XCBuildConfiguration section */
		6D8CAA3028AE9E4400AA0D03 /* Debug */ = {
			isa = XCBuildConfiguration;
			buildSettings = {
				ALWAYS_SEARCH_USER_PATHS = NO;
				CLANG_ANALYZER_NONNULL = YES;
				CLANG_ANALYZER_NUMBER_OBJECT_CONVERSION = YES_AGGRESSIVE;
				CLANG_CXX_LANGUAGE_STANDARD = "gnu++17";
				CLANG_ENABLE_MODULES = YES;
				CLANG_ENABLE_OBJC_ARC = YES;
				CLANG_ENABLE_OBJC_WEAK = YES;
				CLANG_WARN_BLOCK_CAPTURE_AUTORELEASING = YES;
				CLANG_WARN_BOOL_CONVERSION = YES;
				CLANG_WARN_COMMA = YES;
				CLANG_WARN_CONSTANT_CONVERSION = YES;
				CLANG_WARN_DEPRECATED_OBJC_IMPLEMENTATIONS = YES;
				CLANG_WARN_DIRECT_OBJC_ISA_USAGE = YES_ERROR;
				CLANG_WARN_DOCUMENTATION_COMMENTS = YES;
				CLANG_WARN_EMPTY_BODY = YES;
				CLANG_WARN_ENUM_CONVERSION = YES;
				CLANG_WARN_INFINITE_RECURSION = YES;
				CLANG_WARN_INT_CONVERSION = YES;
				CLANG_WARN_NON_LITERAL_NULL_CONVERSION = YES;
				CLANG_WARN_OBJC_IMPLICIT_RETAIN_SELF = YES;
				CLANG_WARN_OBJC_LITERAL_CONVERSION = YES;
				CLANG_WARN_OBJC_ROOT_CLASS = YES_ERROR;
				CLANG_WARN_QUOTED_INCLUDE_IN_FRAMEWORK_HEADER = YES;
				CLANG_WARN_RANGE_LOOP_ANALYSIS = YES;
				CLANG_WARN_STRICT_PROTOTYPES = YES;
				CLANG_WARN_SUSPICIOUS_MOVE = YES;
				CLANG_WARN_UNGUARDED_AVAILABILITY = YES_AGGRESSIVE;
				CLANG_WARN_UNREACHABLE_CODE = YES;
				CLANG_WARN__DUPLICATE_METHOD_MATCH = YES;
				COPY_PHASE_STRIP = NO;
				DEBUG_INFORMATION_FORMAT = dwarf;
				ENABLE_STRICT_OBJC_MSGSEND = YES;
				ENABLE_TESTABILITY = YES;
				GCC_C_LANGUAGE_STANDARD = gnu11;
				GCC_DYNAMIC_NO_PIC = NO;
				GCC_NO_COMMON_BLOCKS = YES;
				GCC_OPTIMIZATION_LEVEL = 0;
				GCC_PREPROCESSOR_DEFINITIONS = (
					"DEBUG=1",
					"$(inherited)",
				);
				GCC_WARN_64_TO_32_BIT_CONVERSION = YES;
				GCC_WARN_ABOUT_RETURN_TYPE = YES_ERROR;
				GCC_WARN_UNDECLARED_SELECTOR = YES;
				GCC_WARN_UNINITIALIZED_AUTOS = YES_AGGRESSIVE;
				GCC_WARN_UNUSED_FUNCTION = YES;
				GCC_WARN_UNUSED_VARIABLE = YES;
				IPHONEOS_DEPLOYMENT_TARGET = 15.5;
				MTL_ENABLE_DEBUG_INFO = INCLUDE_SOURCE;
				MTL_FAST_MATH = YES;
				ONLY_ACTIVE_ARCH = YES;
				SDKROOT = iphoneos;
				SWIFT_ACTIVE_COMPILATION_CONDITIONS = DEBUG;
				SWIFT_OPTIMIZATION_LEVEL = "-Onone";
			};
			name = Debug;
		};
		6D8CAA3128AE9E4400AA0D03 /* Release */ = {
			isa = XCBuildConfiguration;
			buildSettings = {
				ALWAYS_SEARCH_USER_PATHS = NO;
				CLANG_ANALYZER_NONNULL = YES;
				CLANG_ANALYZER_NUMBER_OBJECT_CONVERSION = YES_AGGRESSIVE;
				CLANG_CXX_LANGUAGE_STANDARD = "gnu++17";
				CLANG_ENABLE_MODULES = YES;
				CLANG_ENABLE_OBJC_ARC = YES;
				CLANG_ENABLE_OBJC_WEAK = YES;
				CLANG_WARN_BLOCK_CAPTURE_AUTORELEASING = YES;
				CLANG_WARN_BOOL_CONVERSION = YES;
				CLANG_WARN_COMMA = YES;
				CLANG_WARN_CONSTANT_CONVERSION = YES;
				CLANG_WARN_DEPRECATED_OBJC_IMPLEMENTATIONS = YES;
				CLANG_WARN_DIRECT_OBJC_ISA_USAGE = YES_ERROR;
				CLANG_WARN_DOCUMENTATION_COMMENTS = YES;
				CLANG_WARN_EMPTY_BODY = YES;
				CLANG_WARN_ENUM_CONVERSION = YES;
				CLANG_WARN_INFINITE_RECURSION = YES;
				CLANG_WARN_INT_CONVERSION = YES;
				CLANG_WARN_NON_LITERAL_NULL_CONVERSION = YES;
				CLANG_WARN_OBJC_IMPLICIT_RETAIN_SELF = YES;
				CLANG_WARN_OBJC_LITERAL_CONVERSION = YES;
				CLANG_WARN_OBJC_ROOT_CLASS = YES_ERROR;
				CLANG_WARN_QUOTED_INCLUDE_IN_FRAMEWORK_HEADER = YES;
				CLANG_WARN_RANGE_LOOP_ANALYSIS = YES;
				CLANG_WARN_STRICT_PROTOTYPES = YES;
				CLANG_WARN_SUSPICIOUS_MOVE = YES;
				CLANG_WARN_UNGUARDED_AVAILABILITY = YES_AGGRESSIVE;
				CLANG_WARN_UNREACHABLE_CODE = YES;
				CLANG_WARN__DUPLICATE_METHOD_MATCH = YES;
				COPY_PHASE_STRIP = NO;
				DEBUG_INFORMATION_FORMAT = "dwarf-with-dsym";
				ENABLE_NS_ASSERTIONS = NO;
				ENABLE_STRICT_OBJC_MSGSEND = YES;
				GCC_C_LANGUAGE_STANDARD = gnu11;
				GCC_NO_COMMON_BLOCKS = YES;
				GCC_WARN_64_TO_32_BIT_CONVERSION = YES;
				GCC_WARN_ABOUT_RETURN_TYPE = YES_ERROR;
				GCC_WARN_UNDECLARED_SELECTOR = YES;
				GCC_WARN_UNINITIALIZED_AUTOS = YES_AGGRESSIVE;
				GCC_WARN_UNUSED_FUNCTION = YES;
				GCC_WARN_UNUSED_VARIABLE = YES;
				IPHONEOS_DEPLOYMENT_TARGET = 15.5;
				MTL_ENABLE_DEBUG_INFO = NO;
				MTL_FAST_MATH = YES;
				SDKROOT = iphoneos;
				SWIFT_COMPILATION_MODE = wholemodule;
				SWIFT_OPTIMIZATION_LEVEL = "-O";
				VALIDATE_PRODUCT = YES;
			};
			name = Release;
		};
		6D8CAA3328AE9E4400AA0D03 /* Debug */ = {
			isa = XCBuildConfiguration;
			buildSettings = {
				ASSETCATALOG_COMPILER_APPICON_NAME = AppIcon;
				ASSETCATALOG_COMPILER_GLOBAL_ACCENT_COLOR_NAME = AccentColor;
				CODE_SIGN_STYLE = Automatic;
				CURRENT_PROJECT_VERSION = 1;
				DEVELOPMENT_ASSET_PATHS = "\"App05-TMDB-API/Preview Content\"";
				DEVELOPMENT_TEAM = 9QM5ZKR265;
				ENABLE_PREVIEWS = YES;
				GENERATE_INFOPLIST_FILE = YES;
				INFOPLIST_FILE = "App05-TMDB-API/Info.plist";
				INFOPLIST_KEY_CFBundleDisplayName = "App05-TMDB-API";
				INFOPLIST_KEY_UIApplicationSceneManifest_Generation = YES;
				INFOPLIST_KEY_UIApplicationSupportsIndirectInputEvents = YES;
				INFOPLIST_KEY_UILaunchScreen_Generation = YES;
				INFOPLIST_KEY_UISupportedInterfaceOrientations_iPad = "UIInterfaceOrientationPortrait UIInterfaceOrientationPortraitUpsideDown UIInterfaceOrientationLandscapeLeft UIInterfaceOrientationLandscapeRight";
				INFOPLIST_KEY_UISupportedInterfaceOrientations_iPhone = "UIInterfaceOrientationPortrait UIInterfaceOrientationLandscapeLeft UIInterfaceOrientationLandscapeRight";
				LD_RUNPATH_SEARCH_PATHS = (
					"$(inherited)",
					"@executable_path/Frameworks",
				);
				MARKETING_VERSION = 1.0;
				PRODUCT_BUNDLE_IDENTIFIER = "A00830568.App05-TMDB-API";
				PRODUCT_NAME = "$(TARGET_NAME)";
				SWIFT_EMIT_LOC_STRINGS = YES;
				SWIFT_VERSION = 5.0;
				TARGETED_DEVICE_FAMILY = "1,2";
			};
			name = Debug;
		};
		6D8CAA3428AE9E4400AA0D03 /* Release */ = {
			isa = XCBuildConfiguration;
			buildSettings = {
				ASSETCATALOG_COMPILER_APPICON_NAME = AppIcon;
				ASSETCATALOG_COMPILER_GLOBAL_ACCENT_COLOR_NAME = AccentColor;
				CODE_SIGN_STYLE = Automatic;
				CURRENT_PROJECT_VERSION = 1;
				DEVELOPMENT_ASSET_PATHS = "\"App05-TMDB-API/Preview Content\"";
				DEVELOPMENT_TEAM = 9QM5ZKR265;
				ENABLE_PREVIEWS = YES;
				GENERATE_INFOPLIST_FILE = YES;
				INFOPLIST_FILE = "App05-TMDB-API/Info.plist";
				INFOPLIST_KEY_CFBundleDisplayName = "App05-TMDB-API";
				INFOPLIST_KEY_UIApplicationSceneManifest_Generation = YES;
				INFOPLIST_KEY_UIApplicationSupportsIndirectInputEvents = YES;
				INFOPLIST_KEY_UILaunchScreen_Generation = YES;
				INFOPLIST_KEY_UISupportedInterfaceOrientations_iPad = "UIInterfaceOrientationPortrait UIInterfaceOrientationPortraitUpsideDown UIInterfaceOrientationLandscapeLeft UIInterfaceOrientationLandscapeRight";
				INFOPLIST_KEY_UISupportedInterfaceOrientations_iPhone = "UIInterfaceOrientationPortrait UIInterfaceOrientationLandscapeLeft UIInterfaceOrientationLandscapeRight";
				LD_RUNPATH_SEARCH_PATHS = (
					"$(inherited)",
					"@executable_path/Frameworks",
				);
				MARKETING_VERSION = 1.0;
				PRODUCT_BUNDLE_IDENTIFIER = "A00830568.App05-TMDB-API";
				PRODUCT_NAME = "$(TARGET_NAME)";
				SWIFT_EMIT_LOC_STRINGS = YES;
				SWIFT_VERSION = 5.0;
				TARGETED_DEVICE_FAMILY = "1,2";
			};
			name = Release;
		};
/* End XCBuildConfiguration section */

/* Begin XCConfigurationList section */
		6D8CAA1F28AE9E3D00AA0D03 /* Build configuration list for PBXProject "App05-TMDB-API" */ = {
			isa = XCConfigurationList;
			buildConfigurations = (
				6D8CAA3028AE9E4400AA0D03 /* Debug */,
				6D8CAA3128AE9E4400AA0D03 /* Release */,
			);
			defaultConfigurationIsVisible = 0;
			defaultConfigurationName = Release;
		};
		6D8CAA3228AE9E4400AA0D03 /* Build configuration list for PBXNativeTarget "App05-TMDB-API" */ = {
			isa = XCConfigurationList;
			buildConfigurations = (
				6D8CAA3328AE9E4400AA0D03 /* Debug */,
				6D8CAA3428AE9E4400AA0D03 /* Release */,
			);
			defaultConfigurationIsVisible = 0;
			defaultConfigurationName = Release;
		};
/* End XCConfigurationList section */

/* Begin XCRemoteSwiftPackageReference section */
		6D303F9E28B3D60E008982A9 /* XCRemoteSwiftPackageReference "Alamofire" */ = {
			isa = XCRemoteSwiftPackageReference;
			repositoryURL = "https://github.com/Alamofire/Alamofire.git";
			requirement = {
				kind = upToNextMajorVersion;
				minimumVersion = 5.6.1;
			};
		};
		6D303FA128B3D674008982A9 /* XCRemoteSwiftPackageReference "SwiftyJSON" */ = {
			isa = XCRemoteSwiftPackageReference;
			repositoryURL = "https://github.com/SwiftyJSON/SwiftyJSON.git";
			requirement = {
				kind = upToNextMajorVersion;
				minimumVersion = 5.0.0;
			};
		};
		6D303FA428B3D6D1008982A9 /* XCRemoteSwiftPackageReference "Kingfisher" */ = {
			isa = XCRemoteSwiftPackageReference;
			repositoryURL = "https://github.com/onevcat/Kingfisher.git";
			requirement = {
				kind = upToNextMajorVersion;
				minimumVersion = 7.0.0;
			};
		};
/* End XCRemoteSwiftPackageReference section */

/* Begin XCSwiftPackageProductDependency section */
		6D303F9F28B3D60E008982A9 /* Alamofire */ = {
			isa = XCSwiftPackageProductDependency;
			package = 6D303F9E28B3D60E008982A9 /* XCRemoteSwiftPackageReference "Alamofire" */;
			productName = Alamofire;
		};
		6D303FA228B3D674008982A9 /* SwiftyJSON */ = {
			isa = XCSwiftPackageProductDependency;
			package = 6D303FA128B3D674008982A9 /* XCRemoteSwiftPackageReference "SwiftyJSON" */;
			productName = SwiftyJSON;
		};
		6D303FA528B3D6D1008982A9 /* Kingfisher */ = {
			isa = XCSwiftPackageProductDependency;
			package = 6D303FA428B3D6D1008982A9 /* XCRemoteSwiftPackageReference "Kingfisher" */;
			productName = Kingfisher;
		};
/* End XCSwiftPackageProductDependency section */
	};
	rootObject = 6D8CAA1C28AE9E3D00AA0D03 /* Project object */;
}
