// !$*UTF8*$!
{
	archiveVersion = 1;
	classes = {
	};
	objectVersion = 56;
	objects = {

/* Begin PBXBuildFile section */
		6D4917C528E20CF60010E712 /* App08_PAMApp.swift in Sources */ = {isa = PBXBuildFile; fileRef = 6D4917C428E20CF60010E712 /* App08_PAMApp.swift */; };
		6D4917C728E20CF60010E712 /* ContentView.swift in Sources */ = {isa = PBXBuildFile; fileRef = 6D4917C628E20CF60010E712 /* ContentView.swift */; };
		6D4917C928E20CFB0010E712 /* Assets.xcassets in Resources */ = {isa = PBXBuildFile; fileRef = 6D4917C828E20CFB0010E712 /* Assets.xcassets */; };
		6D4917CC28E20CFB0010E712 /* Preview Assets.xcassets in Resources */ = {isa = PBXBuildFile; fileRef = 6D4917CB28E20CFB0010E712 /* Preview Assets.xcassets */; };
		6D4917D428E20DA10010E712 /* Alamofire in Frameworks */ = {isa = PBXBuildFile; productRef = 6D4917D328E20DA10010E712 /* Alamofire */; };
		6D4917D728E20DDB0010E712 /* SwiftyJSON in Frameworks */ = {isa = PBXBuildFile; productRef = 6D4917D628E20DDB0010E712 /* SwiftyJSON */; };
		6D4917DA28E20E960010E712 /* PAM.swift in Sources */ = {isa = PBXBuildFile; fileRef = 6D4917D928E20E950010E712 /* PAM.swift */; };
		6D4917DC28E20F180010E712 /* PAMModel.swift in Sources */ = {isa = PBXBuildFile; fileRef = 6D4917DB28E20F180010E712 /* PAMModel.swift */; };
/* End PBXBuildFile section */

/* Begin PBXFileReference section */
		6D4917C128E20CF60010E712 /* App08-PAM.app */ = {isa = PBXFileReference; explicitFileType = wrapper.application; includeInIndex = 0; path = "App08-PAM.app"; sourceTree = BUILT_PRODUCTS_DIR; };
		6D4917C428E20CF60010E712 /* App08_PAMApp.swift */ = {isa = PBXFileReference; lastKnownFileType = sourcecode.swift; path = App08_PAMApp.swift; sourceTree = "<group>"; };
		6D4917C628E20CF60010E712 /* ContentView.swift */ = {isa = PBXFileReference; lastKnownFileType = sourcecode.swift; path = ContentView.swift; sourceTree = "<group>"; };
		6D4917C828E20CFB0010E712 /* Assets.xcassets */ = {isa = PBXFileReference; lastKnownFileType = folder.assetcatalog; path = Assets.xcassets; sourceTree = "<group>"; };
		6D4917CB28E20CFB0010E712 /* Preview Assets.xcassets */ = {isa = PBXFileReference; lastKnownFileType = folder.assetcatalog; path = "Preview Assets.xcassets"; sourceTree = "<group>"; };
		6D4917D928E20E950010E712 /* PAM.swift */ = {isa = PBXFileReference; lastKnownFileType = sourcecode.swift; path = PAM.swift; sourceTree = "<group>"; };
		6D4917DB28E20F180010E712 /* PAMModel.swift */ = {isa = PBXFileReference; lastKnownFileType = sourcecode.swift; path = PAMModel.swift; sourceTree = "<group>"; };
/* End PBXFileReference section */

/* Begin PBXFrameworksBuildPhase section */
		6D4917BE28E20CF60010E712 /* Frameworks */ = {
			isa = PBXFrameworksBuildPhase;
			buildActionMask = 2147483647;
			files = (
				6D4917D728E20DDB0010E712 /* SwiftyJSON in Frameworks */,
				6D4917D428E20DA10010E712 /* Alamofire in Frameworks */,
			);
			runOnlyForDeploymentPostprocessing = 0;
		};
/* End PBXFrameworksBuildPhase section */

/* Begin PBXGroup section */
		6D4917B828E20CF60010E712 = {
			isa = PBXGroup;
			children = (
				6D4917C328E20CF60010E712 /* App08-PAM */,
				6D4917C228E20CF60010E712 /* Products */,
			);
			sourceTree = "<group>";
		};
		6D4917C228E20CF60010E712 /* Products */ = {
			isa = PBXGroup;
			children = (
				6D4917C128E20CF60010E712 /* App08-PAM.app */,
			);
			name = Products;
			sourceTree = "<group>";
		};
		6D4917C328E20CF60010E712 /* App08-PAM */ = {
			isa = PBXGroup;
			children = (
				6D4917D828E20E870010E712 /* Models */,
				6D4917C428E20CF60010E712 /* App08_PAMApp.swift */,
				6D4917C628E20CF60010E712 /* ContentView.swift */,
				6D4917C828E20CFB0010E712 /* Assets.xcassets */,
				6D4917CA28E20CFB0010E712 /* Preview Content */,
			);
			path = "App08-PAM";
			sourceTree = "<group>";
		};
		6D4917CA28E20CFB0010E712 /* Preview Content */ = {
			isa = PBXGroup;
			children = (
				6D4917CB28E20CFB0010E712 /* Preview Assets.xcassets */,
			);
			path = "Preview Content";
			sourceTree = "<group>";
		};
		6D4917D828E20E870010E712 /* Models */ = {
			isa = PBXGroup;
			children = (
				6D4917D928E20E950010E712 /* PAM.swift */,
				6D4917DB28E20F180010E712 /* PAMModel.swift */,
			);
			path = Models;
			sourceTree = "<group>";
		};
/* End PBXGroup section */

/* Begin PBXNativeTarget section */
		6D4917C028E20CF60010E712 /* App08-PAM */ = {
			isa = PBXNativeTarget;
			buildConfigurationList = 6D4917CF28E20CFB0010E712 /* Build configuration list for PBXNativeTarget "App08-PAM" */;
			buildPhases = (
				6D4917BD28E20CF60010E712 /* Sources */,
				6D4917BE28E20CF60010E712 /* Frameworks */,
				6D4917BF28E20CF60010E712 /* Resources */,
			);
			buildRules = (
			);
			dependencies = (
			);
			name = "App08-PAM";
			packageProductDependencies = (
				6D4917D328E20DA10010E712 /* Alamofire */,
				6D4917D628E20DDB0010E712 /* SwiftyJSON */,
			);
			productName = "App08-PAM";
			productReference = 6D4917C128E20CF60010E712 /* App08-PAM.app */;
			productType = "com.apple.product-type.application";
		};
/* End PBXNativeTarget section */

/* Begin PBXProject section */
		6D4917B928E20CF60010E712 /* Project object */ = {
			isa = PBXProject;
			attributes = {
				BuildIndependentTargetsInParallel = 1;
				LastSwiftUpdateCheck = 1400;
				LastUpgradeCheck = 1400;
				TargetAttributes = {
					6D4917C028E20CF60010E712 = {
						CreatedOnToolsVersion = 14.0;
					};
				};
			};
			buildConfigurationList = 6D4917BC28E20CF60010E712 /* Build configuration list for PBXProject "App08-PAM" */;
			compatibilityVersion = "Xcode 14.0";
			developmentRegion = en;
			hasScannedForEncodings = 0;
			knownRegions = (
				en,
				Base,
			);
			mainGroup = 6D4917B828E20CF60010E712;
			packageReferences = (
				6D4917D228E20DA10010E712 /* XCRemoteSwiftPackageReference "Alamofire" */,
				6D4917D528E20DDB0010E712 /* XCRemoteSwiftPackageReference "SwiftyJSON" */,
			);
			productRefGroup = 6D4917C228E20CF60010E712 /* Products */;
			projectDirPath = "";
			projectRoot = "";
			targets = (
				6D4917C028E20CF60010E712 /* App08-PAM */,
			);
		};
/* End PBXProject section */

/* Begin PBXResourcesBuildPhase section */
		6D4917BF28E20CF60010E712 /* Resources */ = {
			isa = PBXResourcesBuildPhase;
			buildActionMask = 2147483647;
			files = (
				6D4917CC28E20CFB0010E712 /* Preview Assets.xcassets in Resources */,
				6D4917C928E20CFB0010E712 /* Assets.xcassets in Resources */,
			);
			runOnlyForDeploymentPostprocessing = 0;
		};
/* End PBXResourcesBuildPhase section */

/* Begin PBXSourcesBuildPhase section */
		6D4917BD28E20CF60010E712 /* Sources */ = {
			isa = PBXSourcesBuildPhase;
			buildActionMask = 2147483647;
			files = (
				6D4917DC28E20F180010E712 /* PAMModel.swift in Sources */,
				6D4917C728E20CF60010E712 /* ContentView.swift in Sources */,
				6D4917DA28E20E960010E712 /* PAM.swift in Sources */,
				6D4917C528E20CF60010E712 /* App08_PAMApp.swift in Sources */,
			);
			runOnlyForDeploymentPostprocessing = 0;
		};
/* End PBXSourcesBuildPhase section */

/* Begin XCBuildConfiguration section */
		6D4917CD28E20CFB0010E712 /* Debug */ = {
			isa = XCBuildConfiguration;
			buildSettings = {
				ALWAYS_SEARCH_USER_PATHS = NO;
				CLANG_ANALYZER_NONNULL = YES;
				CLANG_ANALYZER_NUMBER_OBJECT_CONVERSION = YES_AGGRESSIVE;
				CLANG_CXX_LANGUAGE_STANDARD = "gnu++20";
				CLANG_ENABLE_MODULES = YES;
				CLANG_ENABLE_OBJC_ARC = YES;
				CLANG_ENABLE_OBJC_WEAK = YES;
				CLANG_WARN_BLOCK_CAPTURE_AUTORELEASING = YES;
				CLANG_WARN_BOOL_CONVERSION = YES;
				CLANG_WARN_COMMA = YES;
				CLANG_WARN_CONSTANT_CONVERSION = YES;
				CLANG_WARN_DEPRECATED_OBJC_IMPLEMENTATIONS = YES;
				CLANG_WARN_DIRECT_OBJC_ISA_USAGE = YES_ERROR;
				CLANG_WARN_DOCUMENTATION_COMMENTS = YES;
				CLANG_WARN_EMPTY_BODY = YES;
				CLANG_WARN_ENUM_CONVERSION = YES;
				CLANG_WARN_INFINITE_RECURSION = YES;
				CLANG_WARN_INT_CONVERSION = YES;
				CLANG_WARN_NON_LITERAL_NULL_CONVERSION = YES;
				CLANG_WARN_OBJC_IMPLICIT_RETAIN_SELF = YES;
				CLANG_WARN_OBJC_LITERAL_CONVERSION = YES;
				CLANG_WARN_OBJC_ROOT_CLASS = YES_ERROR;
				CLANG_WARN_QUOTED_INCLUDE_IN_FRAMEWORK_HEADER = YES;
				CLANG_WARN_RANGE_LOOP_ANALYSIS = YES;
				CLANG_WARN_STRICT_PROTOTYPES = YES;
				CLANG_WARN_SUSPICIOUS_MOVE = YES;
				CLANG_WARN_UNGUARDED_AVAILABILITY = YES_AGGRESSIVE;
				CLANG_WARN_UNREACHABLE_CODE = YES;
				CLANG_WARN__DUPLICATE_METHOD_MATCH = YES;
				COPY_PHASE_STRIP = NO;
				DEBUG_INFORMATION_FORMAT = dwarf;
				ENABLE_STRICT_OBJC_MSGSEND = YES;
				ENABLE_TESTABILITY = YES;
				GCC_C_LANGUAGE_STANDARD = gnu11;
				GCC_DYNAMIC_NO_PIC = NO;
				GCC_NO_COMMON_BLOCKS = YES;
				GCC_OPTIMIZATION_LEVEL = 0;
				GCC_PREPROCESSOR_DEFINITIONS = (
					"DEBUG=1",
					"$(inherited)",
				);
				GCC_WARN_64_TO_32_BIT_CONVERSION = YES;
				GCC_WARN_ABOUT_RETURN_TYPE = YES_ERROR;
				GCC_WARN_UNDECLARED_SELECTOR = YES;
				GCC_WARN_UNINITIALIZED_AUTOS = YES_AGGRESSIVE;
				GCC_WARN_UNUSED_FUNCTION = YES;
				GCC_WARN_UNUSED_VARIABLE = YES;
				IPHONEOS_DEPLOYMENT_TARGET = 16.0;
				MTL_ENABLE_DEBUG_INFO = INCLUDE_SOURCE;
				MTL_FAST_MATH = YES;
				ONLY_ACTIVE_ARCH = YES;
				SDKROOT = iphoneos;
				SWIFT_ACTIVE_COMPILATION_CONDITIONS = DEBUG;
				SWIFT_OPTIMIZATION_LEVEL = "-Onone";
			};
			name = Debug;
		};
		6D4917CE28E20CFB0010E712 /* Release */ = {
			isa = XCBuildConfiguration;
			buildSettings = {
				ALWAYS_SEARCH_USER_PATHS = NO;
				CLANG_ANALYZER_NONNULL = YES;
				CLANG_ANALYZER_NUMBER_OBJECT_CONVERSION = YES_AGGRESSIVE;
				CLANG_CXX_LANGUAGE_STANDARD = "gnu++20";
				CLANG_ENABLE_MODULES = YES;
				CLANG_ENABLE_OBJC_ARC = YES;
				CLANG_ENABLE_OBJC_WEAK = YES;
				CLANG_WARN_BLOCK_CAPTURE_AUTORELEASING = YES;
				CLANG_WARN_BOOL_CONVERSION = YES;
				CLANG_WARN_COMMA = YES;
				CLANG_WARN_CONSTANT_CONVERSION = YES;
				CLANG_WARN_DEPRECATED_OBJC_IMPLEMENTATIONS = YES;
				CLANG_WARN_DIRECT_OBJC_ISA_USAGE = YES_ERROR;
				CLANG_WARN_DOCUMENTATION_COMMENTS = YES;
				CLANG_WARN_EMPTY_BODY = YES;
				CLANG_WARN_ENUM_CONVERSION = YES;
				CLANG_WARN_INFINITE_RECURSION = YES;
				CLANG_WARN_INT_CONVERSION = YES;
				CLANG_WARN_NON_LITERAL_NULL_CONVERSION = YES;
				CLANG_WARN_OBJC_IMPLICIT_RETAIN_SELF = YES;
				CLANG_WARN_OBJC_LITERAL_CONVERSION = YES;
				CLANG_WARN_OBJC_ROOT_CLASS = YES_ERROR;
				CLANG_WARN_QUOTED_INCLUDE_IN_FRAMEWORK_HEADER = YES;
				CLANG_WARN_RANGE_LOOP_ANALYSIS = YES;
				CLANG_WARN_STRICT_PROTOTYPES = YES;
				CLANG_WARN_SUSPICIOUS_MOVE = YES;
				CLANG_WARN_UNGUARDED_AVAILABILITY = YES_AGGRESSIVE;
				CLANG_WARN_UNREACHABLE_CODE = YES;
				CLANG_WARN__DUPLICATE_METHOD_MATCH = YES;
				COPY_PHASE_STRIP = NO;
				DEBUG_INFORMATION_FORMAT = "dwarf-with-dsym";
				ENABLE_NS_ASSERTIONS = NO;
				ENABLE_STRICT_OBJC_MSGSEND = YES;
				GCC_C_LANGUAGE_STANDARD = gnu11;
				GCC_NO_COMMON_BLOCKS = YES;
				GCC_WARN_64_TO_32_BIT_CONVERSION = YES;
				GCC_WARN_ABOUT_RETURN_TYPE = YES_ERROR;
				GCC_WARN_UNDECLARED_SELECTOR = YES;
				GCC_WARN_UNINITIALIZED_AUTOS = YES_AGGRESSIVE;
				GCC_WARN_UNUSED_FUNCTION = YES;
				GCC_WARN_UNUSED_VARIABLE = YES;
				IPHONEOS_DEPLOYMENT_TARGET = 16.0;
				MTL_ENABLE_DEBUG_INFO = NO;
				MTL_FAST_MATH = YES;
				SDKROOT = iphoneos;
				SWIFT_COMPILATION_MODE = wholemodule;
				SWIFT_OPTIMIZATION_LEVEL = "-O";
				VALIDATE_PRODUCT = YES;
			};
			name = Release;
		};
		6D4917D028E20CFB0010E712 /* Debug */ = {
			isa = XCBuildConfiguration;
			buildSettings = {
				ASSETCATALOG_COMPILER_APPICON_NAME = AppIcon;
				ASSETCATALOG_COMPILER_GLOBAL_ACCENT_COLOR_NAME = AccentColor;
				CODE_SIGN_STYLE = Automatic;
				CURRENT_PROJECT_VERSION = 1;
				DEVELOPMENT_ASSET_PATHS = "\"App08-PAM/Preview Content\"";
				DEVELOPMENT_TEAM = 9QM5ZKR265;
				ENABLE_PREVIEWS = YES;
				GENERATE_INFOPLIST_FILE = YES;
				INFOPLIST_KEY_UIApplicationSceneManifest_Generation = YES;
				INFOPLIST_KEY_UIApplicationSupportsIndirectInputEvents = YES;
				INFOPLIST_KEY_UILaunchScreen_Generation = YES;
				INFOPLIST_KEY_UISupportedInterfaceOrientations_iPad = "UIInterfaceOrientationPortrait UIInterfaceOrientationPortraitUpsideDown UIInterfaceOrientationLandscapeLeft UIInterfaceOrientationLandscapeRight";
				INFOPLIST_KEY_UISupportedInterfaceOrientations_iPhone = "UIInterfaceOrientationPortrait UIInterfaceOrientationLandscapeLeft UIInterfaceOrientationLandscapeRight";
				LD_RUNPATH_SEARCH_PATHS = (
					"$(inherited)",
					"@executable_path/Frameworks",
				);
				MARKETING_VERSION = 1.0;
				PRODUCT_BUNDLE_IDENTIFIER = "A00830568.App08-PAM";
				PRODUCT_NAME = "$(TARGET_NAME)";
				SWIFT_EMIT_LOC_STRINGS = YES;
				SWIFT_VERSION = 5.0;
				TARGETED_DEVICE_FAMILY = "1,2";
			};
			name = Debug;
		};
		6D4917D128E20CFB0010E712 /* Release */ = {
			isa = XCBuildConfiguration;
			buildSettings = {
				ASSETCATALOG_COMPILER_APPICON_NAME = AppIcon;
				ASSETCATALOG_COMPILER_GLOBAL_ACCENT_COLOR_NAME = AccentColor;
				CODE_SIGN_STYLE = Automatic;
				CURRENT_PROJECT_VERSION = 1;
				DEVELOPMENT_ASSET_PATHS = "\"App08-PAM/Preview Content\"";
				DEVELOPMENT_TEAM = 9QM5ZKR265;
				ENABLE_PREVIEWS = YES;
				GENERATE_INFOPLIST_FILE = YES;
				INFOPLIST_KEY_UIApplicationSceneManifest_Generation = YES;
				INFOPLIST_KEY_UIApplicationSupportsIndirectInputEvents = YES;
				INFOPLIST_KEY_UILaunchScreen_Generation = YES;
				INFOPLIST_KEY_UISupportedInterfaceOrientations_iPad = "UIInterfaceOrientationPortrait UIInterfaceOrientationPortraitUpsideDown UIInterfaceOrientationLandscapeLeft UIInterfaceOrientationLandscapeRight";
				INFOPLIST_KEY_UISupportedInterfaceOrientations_iPhone = "UIInterfaceOrientationPortrait UIInterfaceOrientationLandscapeLeft UIInterfaceOrientationLandscapeRight";
				LD_RUNPATH_SEARCH_PATHS = (
					"$(inherited)",
					"@executable_path/Frameworks",
				);
				MARKETING_VERSION = 1.0;
				PRODUCT_BUNDLE_IDENTIFIER = "A00830568.App08-PAM";
				PRODUCT_NAME = "$(TARGET_NAME)";
				SWIFT_EMIT_LOC_STRINGS = YES;
				SWIFT_VERSION = 5.0;
				TARGETED_DEVICE_FAMILY = "1,2";
			};
			name = Release;
		};
/* End XCBuildConfiguration section */

/* Begin XCConfigurationList section */
		6D4917BC28E20CF60010E712 /* Build configuration list for PBXProject "App08-PAM" */ = {
			isa = XCConfigurationList;
			buildConfigurations = (
				6D4917CD28E20CFB0010E712 /* Debug */,
				6D4917CE28E20CFB0010E712 /* Release */,
			);
			defaultConfigurationIsVisible = 0;
			defaultConfigurationName = Release;
		};
		6D4917CF28E20CFB0010E712 /* Build configuration list for PBXNativeTarget "App08-PAM" */ = {
			isa = XCConfigurationList;
			buildConfigurations = (
				6D4917D028E20CFB0010E712 /* Debug */,
				6D4917D128E20CFB0010E712 /* Release */,
			);
			defaultConfigurationIsVisible = 0;
			defaultConfigurationName = Release;
		};
/* End XCConfigurationList section */

/* Begin XCRemoteSwiftPackageReference section */
		6D4917D228E20DA10010E712 /* XCRemoteSwiftPackageReference "Alamofire" */ = {
			isa = XCRemoteSwiftPackageReference;
			repositoryURL = "https://github.com/Alamofire/Alamofire.git";
			requirement = {
				kind = upToNextMajorVersion;
				minimumVersion = 5.0.0;
			};
		};
		6D4917D528E20DDB0010E712 /* XCRemoteSwiftPackageReference "SwiftyJSON" */ = {
			isa = XCRemoteSwiftPackageReference;
			repositoryURL = "https://github.com/SwiftyJSON/SwiftyJSON.git";
			requirement = {
				kind = upToNextMajorVersion;
				minimumVersion = 5.0.0;
			};
		};
/* End XCRemoteSwiftPackageReference section */

/* Begin XCSwiftPackageProductDependency section */
		6D4917D328E20DA10010E712 /* Alamofire */ = {
			isa = XCSwiftPackageProductDependency;
			package = 6D4917D228E20DA10010E712 /* XCRemoteSwiftPackageReference "Alamofire" */;
			productName = Alamofire;
		};
		6D4917D628E20DDB0010E712 /* SwiftyJSON */ = {
			isa = XCSwiftPackageProductDependency;
			package = 6D4917D528E20DDB0010E712 /* XCRemoteSwiftPackageReference "SwiftyJSON" */;
			productName = SwiftyJSON;
		};
/* End XCSwiftPackageProductDependency section */
	};
	rootObject = 6D4917B928E20CF60010E712 /* Project object */;
}
